
Microsoft Visual Studio Solution File, Format Version 12.00
Project("{FAE04EC0-301F-11D3-BF4B-00C04F79EFBC}") = "RustOptimizer", "RustOptimizer.csproj", "{273A028B-4E0A-4856-BDDD-1F42F348A311}"
EndProject
Project("{2150E333-8FDC-42A3-9474-1A3956D46DE8}") = "externals", "externals", "{ACDB6C76-E445-1D22-A45D-36E5391AD0C9}"
EndProject
Project("{2150E333-8FDC-42A3-9474-1A3956D46DE8}") = "IconPacks.Avalonia", "IconPacks.Avalonia", "{D60FD0F1-2BC6-0516-39CA-49E2D2BD99BD}"
EndProject
Project("{2150E333-8FDC-42A3-9474-1A3956D46DE8}") = "src", "src", "{A8B6E1D5-F979-88AC-F342-01BEB2C9B9EA}"
EndProject
Project("{FAE04EC0-301F-11D3-BF4B-00C04F79EFBC}") = "IconPacks.Avalonia", "externals\IconPacks.Avalonia\src\IconPacks.Avalonia\IconPacks.Avalonia.csproj", "{87420CBF-97FF-4D22-A593-C70CCA97D787}"
EndProject
Project("{FAE04EC0-301F-11D3-BF4B-00C04F79EFBC}") = "IconPacks.Avalonia.Core", "externals\IconPacks.Avalonia\src\IconPacks.Avalonia.Core\IconPacks.Avalonia.Core.csproj", "{3AC40378-490D-4CD5-9DAC-073C2C3DE161}"
EndProject
Project("{FAE04EC0-301F-11D3-BF4B-00C04F79EFBC}") = "IconPacks.Avalonia.BootstrapIcons", "externals\IconPacks.Avalonia\src\IconPacks.Avalonia.BootstrapIcons\IconPacks.Avalonia.BootstrapIcons.csproj", "{309B535F-1028-4AE3-98FF-37F5D80AD4E8}"
EndProject
Project("{FAE04EC0-301F-11D3-BF4B-00C04F79EFBC}") = "IconPacks.Avalonia.BoxIcons2", "externals\IconPacks.Avalonia\src\IconPacks.Avalonia.BoxIcons2\IconPacks.Avalonia.BoxIcons2.csproj", "{83460750-2ACF-4297-BA04-79D62A898BDB}"
EndProject
Project("{FAE04EC0-301F-11D3-BF4B-00C04F79EFBC}") = "IconPacks.Avalonia.BoxIcons", "externals\IconPacks.Avalonia\src\IconPacks.Avalonia.BoxIcons\IconPacks.Avalonia.BoxIcons.csproj", "{FD3E5CD2-6713-44E4-8176-65E71F1EE3D7}"
EndProject
Project("{FAE04EC0-301F-11D3-BF4B-00C04F79EFBC}") = "IconPacks.Avalonia.CircumIcons", "externals\IconPacks.Avalonia\src\IconPacks.Avalonia.CircumIcons\IconPacks.Avalonia.CircumIcons.csproj", "{58E31DB6-765E-4041-B451-7871D8A0B2DC}"
EndProject
Project("{FAE04EC0-301F-11D3-BF4B-00C04F79EFBC}") = "IconPacks.Avalonia.Codicons", "externals\IconPacks.Avalonia\src\IconPacks.Avalonia.Codicons\IconPacks.Avalonia.Codicons.csproj", "{611DE4AE-5CDD-4A3A-A869-074253232B06}"
EndProject
Project("{FAE04EC0-301F-11D3-BF4B-00C04F79EFBC}") = "IconPacks.Avalonia.Coolicons", "externals\IconPacks.Avalonia\src\IconPacks.Avalonia.Coolicons\IconPacks.Avalonia.Coolicons.csproj", "{E6195DCD-F5A7-4A0F-A588-1E753C2D5000}"
EndProject
Project("{FAE04EC0-301F-11D3-BF4B-00C04F79EFBC}") = "IconPacks.Avalonia.Entypo", "externals\IconPacks.Avalonia\src\IconPacks.Avalonia.Entypo\IconPacks.Avalonia.Entypo.csproj", "{1387CE84-AD89-4AE2-B8C4-B6224CD580DE}"
EndProject
Project("{FAE04EC0-301F-11D3-BF4B-00C04F79EFBC}") = "IconPacks.Avalonia.EvaIcons", "externals\IconPacks.Avalonia\src\IconPacks.Avalonia.EvaIcons\IconPacks.Avalonia.EvaIcons.csproj", "{6A869DBE-9A23-401A-A2F3-347722E69E8A}"
EndProject
Project("{FAE04EC0-301F-11D3-BF4B-00C04F79EFBC}") = "IconPacks.Avalonia.FeatherIcons", "externals\IconPacks.Avalonia\src\IconPacks.Avalonia.FeatherIcons\IconPacks.Avalonia.FeatherIcons.csproj", "{D2518B7E-4B70-4AA8-B2D7-96691AF60CAD}"
EndProject
Project("{FAE04EC0-301F-11D3-BF4B-00C04F79EFBC}") = "IconPacks.Avalonia.FileIcons", "externals\IconPacks.Avalonia\src\IconPacks.Avalonia.FileIcons\IconPacks.Avalonia.FileIcons.csproj", "{98D778B2-DFFB-4557-93CB-1D186292364E}"
EndProject
Project("{FAE04EC0-301F-11D3-BF4B-00C04F79EFBC}") = "IconPacks.Avalonia.Fontaudio", "externals\IconPacks.Avalonia\src\IconPacks.Avalonia.Fontaudio\IconPacks.Avalonia.Fontaudio.csproj", "{C6671B1F-B7D4-40E5-99E4-38BE46BB3E9E}"
EndProject
Project("{FAE04EC0-301F-11D3-BF4B-00C04F79EFBC}") = "IconPacks.Avalonia.FontAwesome5", "externals\IconPacks.Avalonia\src\IconPacks.Avalonia.FontAwesome5\IconPacks.Avalonia.FontAwesome5.csproj", "{DCD6963D-4600-4418-866B-E6D87E5797CA}"
EndProject
Project("{FAE04EC0-301F-11D3-BF4B-00C04F79EFBC}") = "IconPacks.Avalonia.FontAwesome6", "externals\IconPacks.Avalonia\src\IconPacks.Avalonia.FontAwesome6\IconPacks.Avalonia.FontAwesome6.csproj", "{0770E6AD-A953-44B4-A799-CD372B8AEDAF}"
EndProject
Project("{FAE04EC0-301F-11D3-BF4B-00C04F79EFBC}") = "IconPacks.Avalonia.FontAwesome", "externals\IconPacks.Avalonia\src\IconPacks.Avalonia.FontAwesome\IconPacks.Avalonia.FontAwesome.csproj", "{3426B9AD-F1D7-48CE-B341-6F27D361FE8B}"
EndProject
Project("{FAE04EC0-301F-11D3-BF4B-00C04F79EFBC}") = "IconPacks.Avalonia.Fontisto", "externals\IconPacks.Avalonia\src\IconPacks.Avalonia.Fontisto\IconPacks.Avalonia.Fontisto.csproj", "{79F71F32-0527-425D-A346-8B16615B4EE8}"
EndProject
Project("{FAE04EC0-301F-11D3-BF4B-00C04F79EFBC}") = "IconPacks.Avalonia.ForkAwesome", "externals\IconPacks.Avalonia\src\IconPacks.Avalonia.ForkAwesome\IconPacks.Avalonia.ForkAwesome.csproj", "{AD095CDC-FC5E-4C2D-BF25-0DC04A8442E4}"
EndProject
Project("{FAE04EC0-301F-11D3-BF4B-00C04F79EFBC}") = "IconPacks.Avalonia.GameIcons", "externals\IconPacks.Avalonia\src\IconPacks.Avalonia.GameIcons\IconPacks.Avalonia.GameIcons.csproj", "{2362CCD1-3644-44B0-A7BF-98B6431C3904}"
EndProject
Project("{FAE04EC0-301F-11D3-BF4B-00C04F79EFBC}") = "IconPacks.Avalonia.Ionicons", "externals\IconPacks.Avalonia\src\IconPacks.Avalonia.Ionicons\IconPacks.Avalonia.Ionicons.csproj", "{DDE2C5B2-5D82-4EE8-83AE-8846B82FB992}"
EndProject
Project("{FAE04EC0-301F-11D3-BF4B-00C04F79EFBC}") = "IconPacks.Avalonia.JamIcons", "externals\IconPacks.Avalonia\src\IconPacks.Avalonia.JamIcons\IconPacks.Avalonia.JamIcons.csproj", "{EAE3837C-AB58-4F45-B307-889D93F976BC}"
EndProject
Project("{FAE04EC0-301F-11D3-BF4B-00C04F79EFBC}") = "IconPacks.Avalonia.KeyruneIcons", "externals\IconPacks.Avalonia\src\IconPacks.Avalonia.KeyruneIcons\IconPacks.Avalonia.KeyruneIcons.csproj", "{701531F1-E980-42C0-AFE1-9A039F0DAC61}"
EndProject
Project("{FAE04EC0-301F-11D3-BF4B-00C04F79EFBC}") = "IconPacks.Avalonia.Lucide", "externals\IconPacks.Avalonia\src\IconPacks.Avalonia.Lucide\IconPacks.Avalonia.Lucide.csproj", "{B083AB7C-F9A0-4573-9104-6104F044C50E}"
EndProject
Project("{FAE04EC0-301F-11D3-BF4B-00C04F79EFBC}") = "IconPacks.Avalonia.Material", "externals\IconPacks.Avalonia\src\IconPacks.Avalonia.Material\IconPacks.Avalonia.Material.csproj", "{E0426142-A616-4DC0-9BA2-49BB121F6AD3}"
EndProject
Project("{FAE04EC0-301F-11D3-BF4B-00C04F79EFBC}") = "IconPacks.Avalonia.MaterialLight", "externals\IconPacks.Avalonia\src\IconPacks.Avalonia.MaterialLight\IconPacks.Avalonia.MaterialLight.csproj", "{B74B53CC-8843-41B5-BD98-CC20266AD13B}"
EndProject
Project("{FAE04EC0-301F-11D3-BF4B-00C04F79EFBC}") = "IconPacks.Avalonia.MaterialDesign", "externals\IconPacks.Avalonia\src\IconPacks.Avalonia.MaterialDesign\IconPacks.Avalonia.MaterialDesign.csproj", "{A37B6FD2-F1FB-469C-9EBD-0F4495566380}"
EndProject
Project("{FAE04EC0-301F-11D3-BF4B-00C04F79EFBC}") = "IconPacks.Avalonia.MemoryIcons", "externals\IconPacks.Avalonia\src\IconPacks.Avalonia.MemoryIcons\IconPacks.Avalonia.MemoryIcons.csproj", "{EAE340A5-D147-4BC8-B7EE-697F5AEF158B}"
EndProject
Project("{FAE04EC0-301F-11D3-BF4B-00C04F79EFBC}") = "IconPacks.Avalonia.Microns", "externals\IconPacks.Avalonia\src\IconPacks.Avalonia.Microns\IconPacks.Avalonia.Microns.csproj", "{88F03231-D70E-40B0-8B56-07BEFBC7AA39}"
EndProject
Project("{FAE04EC0-301F-11D3-BF4B-00C04F79EFBC}") = "IconPacks.Avalonia.MingCuteIcons", "externals\IconPacks.Avalonia\src\IconPacks.Avalonia.MingCuteIcons\IconPacks.Avalonia.MingCuteIcons.csproj", "{4D4D32EF-CB5C-467C-AAB5-AD764D522709}"
EndProject
Project("{FAE04EC0-301F-11D3-BF4B-00C04F79EFBC}") = "IconPacks.Avalonia.Modern", "externals\IconPacks.Avalonia\src\IconPacks.Avalonia.Modern\IconPacks.Avalonia.Modern.csproj", "{FF8A5F92-94AC-4DAF-AB2D-E81E3E98A925}"
EndProject
Project("{FAE04EC0-301F-11D3-BF4B-00C04F79EFBC}") = "IconPacks.Avalonia.MynaUIIcons", "externals\IconPacks.Avalonia\src\IconPacks.Avalonia.MynaUIIcons\IconPacks.Avalonia.MynaUIIcons.csproj", "{F36BA75E-EC48-438A-A012-5EC8D4867A2B}"
EndProject
Project("{FAE04EC0-301F-11D3-BF4B-00C04F79EFBC}") = "IconPacks.Avalonia.Octicons", "externals\IconPacks.Avalonia\src\IconPacks.Avalonia.Octicons\IconPacks.Avalonia.Octicons.csproj", "{9907438E-993D-44FF-82E5-36628E019D45}"
EndProject
Project("{FAE04EC0-301F-11D3-BF4B-00C04F79EFBC}") = "IconPacks.Avalonia.PhosphorIcons", "externals\IconPacks.Avalonia\src\IconPacks.Avalonia.PhosphorIcons\IconPacks.Avalonia.PhosphorIcons.csproj", "{1ADFB033-5FA2-46BE-904F-723004A32490}"
EndProject
Project("{FAE04EC0-301F-11D3-BF4B-00C04F79EFBC}") = "IconPacks.Avalonia.PicolIcons", "externals\IconPacks.Avalonia\src\IconPacks.Avalonia.PicolIcons\IconPacks.Avalonia.PicolIcons.csproj", "{9F2B126A-D8B4-46C2-BA79-1F6DA6C6E2B4}"
EndProject
Project("{FAE04EC0-301F-11D3-BF4B-00C04F79EFBC}") = "IconPacks.Avalonia.PixelartIcons", "externals\IconPacks.Avalonia\src\IconPacks.Avalonia.PixelartIcons\IconPacks.Avalonia.PixelartIcons.csproj", "{08099F15-F87C-458A-8EAC-510D912ACB97}"
EndProject
Project("{FAE04EC0-301F-11D3-BF4B-00C04F79EFBC}") = "IconPacks.Avalonia.RadixIcons", "externals\IconPacks.Avalonia\src\IconPacks.Avalonia.RadixIcons\IconPacks.Avalonia.RadixIcons.csproj", "{9ABC474D-7EFC-4B39-BE02-3085949BD82D}"
EndProject
Project("{FAE04EC0-301F-11D3-BF4B-00C04F79EFBC}") = "IconPacks.Avalonia.RemixIcon", "externals\IconPacks.Avalonia\src\IconPacks.Avalonia.RemixIcon\IconPacks.Avalonia.RemixIcon.csproj", "{9A5EE3AE-7EAC-4400-93F5-19B4E916F325}"
EndProject
Project("{FAE04EC0-301F-11D3-BF4B-00C04F79EFBC}") = "IconPacks.Avalonia.RPGAwesome", "externals\IconPacks.Avalonia\src\IconPacks.Avalonia.RPGAwesome\IconPacks.Avalonia.RPGAwesome.csproj", "{08498344-80E8-45BA-BAB7-8082C947E27B}"
EndProject
Project("{FAE04EC0-301F-11D3-BF4B-00C04F79EFBC}") = "IconPacks.Avalonia.SimpleIcons", "externals\IconPacks.Avalonia\src\IconPacks.Avalonia.SimpleIcons\IconPacks.Avalonia.SimpleIcons.csproj", "{48B734E0-63DE-4624-8163-74B9AEEA942B}"
EndProject
Project("{FAE04EC0-301F-11D3-BF4B-00C04F79EFBC}") = "IconPacks.Avalonia.Typicons", "externals\IconPacks.Avalonia\src\IconPacks.Avalonia.Typicons\IconPacks.Avalonia.Typicons.csproj", "{40372A14-9E7F-4FDC-9551-2288BD843C96}"
EndProject
Project("{FAE04EC0-301F-11D3-BF4B-00C04F79EFBC}") = "IconPacks.Avalonia.Unicons", "externals\IconPacks.Avalonia\src\IconPacks.Avalonia.Unicons\IconPacks.Avalonia.Unicons.csproj", "{742B37B1-FBC6-4C7B-8300-FB73BA84591F}"
EndProject
Project("{FAE04EC0-301F-11D3-BF4B-00C04F79EFBC}") = "IconPacks.Avalonia.VaadinIcons", "externals\IconPacks.Avalonia\src\IconPacks.Avalonia.VaadinIcons\IconPacks.Avalonia.VaadinIcons.csproj", "{0080D89E-DAE3-47C1-B16C-3999727B5309}"
EndProject
Project("{FAE04EC0-301F-11D3-BF4B-00C04F79EFBC}") = "IconPacks.Avalonia.WeatherIcons", "externals\IconPacks.Avalonia\src\IconPacks.Avalonia.WeatherIcons\IconPacks.Avalonia.WeatherIcons.csproj", "{91924757-B3E4-4717-A746-741B3E9F67A9}"
EndProject
Project("{FAE04EC0-301F-11D3-BF4B-00C04F79EFBC}") = "IconPacks.Avalonia.Zondicons", "externals\IconPacks.Avalonia\src\IconPacks.Avalonia.Zondicons\IconPacks.Avalonia.Zondicons.csproj", "{C8728332-250D-4778-AD36-F12B22E49215}"
EndProject
Global
	GlobalSection(SolutionConfigurationPlatforms) = preSolution
		Debug|Any CPU = Debug|Any CPU
		Debug|x64 = Debug|x64
		Debug|x86 = Debug|x86
		Release|Any CPU = Release|Any CPU
		Release|x64 = Release|x64
		Release|x86 = Release|x86
	EndGlobalSection
	GlobalSection(ProjectConfigurationPlatforms) = postSolution
		{273A028B-4E0A-4856-BDDD-1F42F348A311}.Debug|Any CPU.ActiveCfg = Debug|Any CPU
		{273A028B-4E0A-4856-BDDD-1F42F348A311}.Debug|Any CPU.Build.0 = Debug|Any CPU
		{273A028B-4E0A-4856-BDDD-1F42F348A311}.Debug|x64.ActiveCfg = Debug|Any CPU
		{273A028B-4E0A-4856-BDDD-1F42F348A311}.Debug|x64.Build.0 = Debug|Any CPU
		{273A028B-4E0A-4856-BDDD-1F42F348A311}.Debug|x86.ActiveCfg = Debug|Any CPU
		{273A028B-4E0A-4856-BDDD-1F42F348A311}.Debug|x86.Build.0 = Debug|Any CPU
		{273A028B-4E0A-4856-BDDD-1F42F348A311}.Release|Any CPU.ActiveCfg = Release|Any CPU
		{273A028B-4E0A-4856-BDDD-1F42F348A311}.Release|Any CPU.Build.0 = Release|Any CPU
		{273A028B-4E0A-4856-BDDD-1F42F348A311}.Release|x64.ActiveCfg = Release|Any CPU
		{273A028B-4E0A-4856-BDDD-1F42F348A311}.Release|x64.Build.0 = Release|Any CPU
		{273A028B-4E0A-4856-BDDD-1F42F348A311}.Release|x86.ActiveCfg = Release|Any CPU
		{273A028B-4E0A-4856-BDDD-1F42F348A311}.Release|x86.Build.0 = Release|Any CPU
		{87420CBF-97FF-4D22-A593-C70CCA97D787}.Debug|Any CPU.ActiveCfg = Debug|Any CPU
		{87420CBF-97FF-4D22-A593-C70CCA97D787}.Debug|Any CPU.Build.0 = Debug|Any CPU
		{87420CBF-97FF-4D22-A593-C70CCA97D787}.Debug|x64.ActiveCfg = Debug|Any CPU
		{87420CBF-97FF-4D22-A593-C70CCA97D787}.Debug|x64.Build.0 = Debug|Any CPU
		{87420CBF-97FF-4D22-A593-C70CCA97D787}.Debug|x86.ActiveCfg = Debug|Any CPU
		{87420CBF-97FF-4D22-A593-C70CCA97D787}.Debug|x86.Build.0 = Debug|Any CPU
		{87420CBF-97FF-4D22-A593-C70CCA97D787}.Release|Any CPU.ActiveCfg = Release|Any CPU
		{87420CBF-97FF-4D22-A593-C70CCA97D787}.Release|Any CPU.Build.0 = Release|Any CPU
		{87420CBF-97FF-4D22-A593-C70CCA97D787}.Release|x64.ActiveCfg = Release|Any CPU
		{87420CBF-97FF-4D22-A593-C70CCA97D787}.Release|x64.Build.0 = Release|Any CPU
		{87420CBF-97FF-4D22-A593-C70CCA97D787}.Release|x86.ActiveCfg = Release|Any CPU
		{87420CBF-97FF-4D22-A593-C70CCA97D787}.Release|x86.Build.0 = Release|Any CPU
		{3AC40378-490D-4CD5-9DAC-073C2C3DE161}.Debug|Any CPU.ActiveCfg = Debug|Any CPU
		{3AC40378-490D-4CD5-9DAC-073C2C3DE161}.Debug|Any CPU.Build.0 = Debug|Any CPU
		{3AC40378-490D-4CD5-9DAC-073C2C3DE161}.Debug|x64.ActiveCfg = Debug|Any CPU
		{3AC40378-490D-4CD5-9DAC-073C2C3DE161}.Debug|x64.Build.0 = Debug|Any CPU
		{3AC40378-490D-4CD5-9DAC-073C2C3DE161}.Debug|x86.ActiveCfg = Debug|Any CPU
		{3AC40378-490D-4CD5-9DAC-073C2C3DE161}.Debug|x86.Build.0 = Debug|Any CPU
		{3AC40378-490D-4CD5-9DAC-073C2C3DE161}.Release|Any CPU.ActiveCfg = Release|Any CPU
		{3AC40378-490D-4CD5-9DAC-073C2C3DE161}.Release|Any CPU.Build.0 = Release|Any CPU
		{3AC40378-490D-4CD5-9DAC-073C2C3DE161}.Release|x64.ActiveCfg = Release|Any CPU
		{3AC40378-490D-4CD5-9DAC-073C2C3DE161}.Release|x64.Build.0 = Release|Any CPU
		{3AC40378-490D-4CD5-9DAC-073C2C3DE161}.Release|x86.ActiveCfg = Release|Any CPU
		{3AC40378-490D-4CD5-9DAC-073C2C3DE161}.Release|x86.Build.0 = Release|Any CPU
		{309B535F-1028-4AE3-98FF-37F5D80AD4E8}.Debug|Any CPU.ActiveCfg = Debug|Any CPU
		{309B535F-1028-4AE3-98FF-37F5D80AD4E8}.Debug|Any CPU.Build.0 = Debug|Any CPU
		{309B535F-1028-4AE3-98FF-37F5D80AD4E8}.Debug|x64.ActiveCfg = Debug|Any CPU
		{309B535F-1028-4AE3-98FF-37F5D80AD4E8}.Debug|x64.Build.0 = Debug|Any CPU
		{309B535F-1028-4AE3-98FF-37F5D80AD4E8}.Debug|x86.ActiveCfg = Debug|Any CPU
		{309B535F-1028-4AE3-98FF-37F5D80AD4E8}.Debug|x86.Build.0 = Debug|Any CPU
		{309B535F-1028-4AE3-98FF-37F5D80AD4E8}.Release|Any CPU.ActiveCfg = Release|Any CPU
		{309B535F-1028-4AE3-98FF-37F5D80AD4E8}.Release|Any CPU.Build.0 = Release|Any CPU
		{309B535F-1028-4AE3-98FF-37F5D80AD4E8}.Release|x64.ActiveCfg = Release|Any CPU
		{309B535F-1028-4AE3-98FF-37F5D80AD4E8}.Release|x64.Build.0 = Release|Any CPU
		{309B535F-1028-4AE3-98FF-37F5D80AD4E8}.Release|x86.ActiveCfg = Release|Any CPU
		{309B535F-1028-4AE3-98FF-37F5D80AD4E8}.Release|x86.Build.0 = Release|Any CPU
		{83460750-2ACF-4297-BA04-79D62A898BDB}.Debug|Any CPU.ActiveCfg = Debug|Any CPU
		{83460750-2ACF-4297-BA04-79D62A898BDB}.Debug|Any CPU.Build.0 = Debug|Any CPU
		{83460750-2ACF-4297-BA04-79D62A898BDB}.Debug|x64.ActiveCfg = Debug|Any CPU
		{83460750-2ACF-4297-BA04-79D62A898BDB}.Debug|x64.Build.0 = Debug|Any CPU
		{83460750-2ACF-4297-BA04-79D62A898BDB}.Debug|x86.ActiveCfg = Debug|Any CPU
		{83460750-2ACF-4297-BA04-79D62A898BDB}.Debug|x86.Build.0 = Debug|Any CPU
		{83460750-2ACF-4297-BA04-79D62A898BDB}.Release|Any CPU.ActiveCfg = Release|Any CPU
		{83460750-2ACF-4297-BA04-79D62A898BDB}.Release|Any CPU.Build.0 = Release|Any CPU
		{83460750-2ACF-4297-BA04-79D62A898BDB}.Release|x64.ActiveCfg = Release|Any CPU
		{83460750-2ACF-4297-BA04-79D62A898BDB}.Release|x64.Build.0 = Release|Any CPU
		{83460750-2ACF-4297-BA04-79D62A898BDB}.Release|x86.ActiveCfg = Release|Any CPU
		{83460750-2ACF-4297-BA04-79D62A898BDB}.Release|x86.Build.0 = Release|Any CPU
		{FD3E5CD2-6713-44E4-8176-65E71F1EE3D7}.Debug|Any CPU.ActiveCfg = Debug|Any CPU
		{FD3E5CD2-6713-44E4-8176-65E71F1EE3D7}.Debug|Any CPU.Build.0 = Debug|Any CPU
		{FD3E5CD2-6713-44E4-8176-65E71F1EE3D7}.Debug|x64.ActiveCfg = Debug|Any CPU
		{FD3E5CD2-6713-44E4-8176-65E71F1EE3D7}.Debug|x64.Build.0 = Debug|Any CPU
		{FD3E5CD2-6713-44E4-8176-65E71F1EE3D7}.Debug|x86.ActiveCfg = Debug|Any CPU
		{FD3E5CD2-6713-44E4-8176-65E71F1EE3D7}.Debug|x86.Build.0 = Debug|Any CPU
		{FD3E5CD2-6713-44E4-8176-65E71F1EE3D7}.Release|Any CPU.ActiveCfg = Release|Any CPU
		{FD3E5CD2-6713-44E4-8176-65E71F1EE3D7}.Release|Any CPU.Build.0 = Release|Any CPU
		{FD3E5CD2-6713-44E4-8176-65E71F1EE3D7}.Release|x64.ActiveCfg = Release|Any CPU
		{FD3E5CD2-6713-44E4-8176-65E71F1EE3D7}.Release|x64.Build.0 = Release|Any CPU
		{FD3E5CD2-6713-44E4-8176-65E71F1EE3D7}.Release|x86.ActiveCfg = Release|Any CPU
		{FD3E5CD2-6713-44E4-8176-65E71F1EE3D7}.Release|x86.Build.0 = Release|Any CPU
		{58E31DB6-765E-4041-B451-7871D8A0B2DC}.Debug|Any CPU.ActiveCfg = Debug|Any CPU
		{58E31DB6-765E-4041-B451-7871D8A0B2DC}.Debug|Any CPU.Build.0 = Debug|Any CPU
		{58E31DB6-765E-4041-B451-7871D8A0B2DC}.Debug|x64.ActiveCfg = Debug|Any CPU
		{58E31DB6-765E-4041-B451-7871D8A0B2DC}.Debug|x64.Build.0 = Debug|Any CPU
		{58E31DB6-765E-4041-B451-7871D8A0B2DC}.Debug|x86.ActiveCfg = Debug|Any CPU
		{58E31DB6-765E-4041-B451-7871D8A0B2DC}.Debug|x86.Build.0 = Debug|Any CPU
		{58E31DB6-765E-4041-B451-7871D8A0B2DC}.Release|Any CPU.ActiveCfg = Release|Any CPU
		{58E31DB6-765E-4041-B451-7871D8A0B2DC}.Release|Any CPU.Build.0 = Release|Any CPU
		{58E31DB6-765E-4041-B451-7871D8A0B2DC}.Release|x64.ActiveCfg = Release|Any CPU
		{58E31DB6-765E-4041-B451-7871D8A0B2DC}.Release|x64.Build.0 = Release|Any CPU
		{58E31DB6-765E-4041-B451-7871D8A0B2DC}.Release|x86.ActiveCfg = Release|Any CPU
		{58E31DB6-765E-4041-B451-7871D8A0B2DC}.Release|x86.Build.0 = Release|Any CPU
		{611DE4AE-5CDD-4A3A-A869-074253232B06}.Debug|Any CPU.ActiveCfg = Debug|Any CPU
		{611DE4AE-5CDD-4A3A-A869-074253232B06}.Debug|Any CPU.Build.0 = Debug|Any CPU
		{611DE4AE-5CDD-4A3A-A869-074253232B06}.Debug|x64.ActiveCfg = Debug|Any CPU
		{611DE4AE-5CDD-4A3A-A869-074253232B06}.Debug|x64.Build.0 = Debug|Any CPU
		{611DE4AE-5CDD-4A3A-A869-074253232B06}.Debug|x86.ActiveCfg = Debug|Any CPU
		{611DE4AE-5CDD-4A3A-A869-074253232B06}.Debug|x86.Build.0 = Debug|Any CPU
		{611DE4AE-5CDD-4A3A-A869-074253232B06}.Release|Any CPU.ActiveCfg = Release|Any CPU
		{611DE4AE-5CDD-4A3A-A869-074253232B06}.Release|Any CPU.Build.0 = Release|Any CPU
		{611DE4AE-5CDD-4A3A-A869-074253232B06}.Release|x64.ActiveCfg = Release|Any CPU
		{611DE4AE-5CDD-4A3A-A869-074253232B06}.Release|x64.Build.0 = Release|Any CPU
		{611DE4AE-5CDD-4A3A-A869-074253232B06}.Release|x86.ActiveCfg = Release|Any CPU
		{611DE4AE-5CDD-4A3A-A869-074253232B06}.Release|x86.Build.0 = Release|Any CPU
		{E6195DCD-F5A7-4A0F-A588-1E753C2D5000}.Debug|Any CPU.ActiveCfg = Debug|Any CPU
		{E6195DCD-F5A7-4A0F-A588-1E753C2D5000}.Debug|Any CPU.Build.0 = Debug|Any CPU
		{E6195DCD-F5A7-4A0F-A588-1E753C2D5000}.Debug|x64.ActiveCfg = Debug|Any CPU
		{E6195DCD-F5A7-4A0F-A588-1E753C2D5000}.Debug|x64.Build.0 = Debug|Any CPU
		{E6195DCD-F5A7-4A0F-A588-1E753C2D5000}.Debug|x86.ActiveCfg = Debug|Any CPU
		{E6195DCD-F5A7-4A0F-A588-1E753C2D5000}.Debug|x86.Build.0 = Debug|Any CPU
		{E6195DCD-F5A7-4A0F-A588-1E753C2D5000}.Release|Any CPU.ActiveCfg = Release|Any CPU
		{E6195DCD-F5A7-4A0F-A588-1E753C2D5000}.Release|Any CPU.Build.0 = Release|Any CPU
		{E6195DCD-F5A7-4A0F-A588-1E753C2D5000}.Release|x64.ActiveCfg = Release|Any CPU
		{E6195DCD-F5A7-4A0F-A588-1E753C2D5000}.Release|x64.Build.0 = Release|Any CPU
		{E6195DCD-F5A7-4A0F-A588-1E753C2D5000}.Release|x86.ActiveCfg = Release|Any CPU
		{E6195DCD-F5A7-4A0F-A588-1E753C2D5000}.Release|x86.Build.0 = Release|Any CPU
		{1387CE84-AD89-4AE2-B8C4-B6224CD580DE}.Debug|Any CPU.ActiveCfg = Debug|Any CPU
		{1387CE84-AD89-4AE2-B8C4-B6224CD580DE}.Debug|Any CPU.Build.0 = Debug|Any CPU
		{1387CE84-AD89-4AE2-B8C4-B6224CD580DE}.Debug|x64.ActiveCfg = Debug|Any CPU
		{1387CE84-AD89-4AE2-B8C4-B6224CD580DE}.Debug|x64.Build.0 = Debug|Any CPU
		{1387CE84-AD89-4AE2-B8C4-B6224CD580DE}.Debug|x86.ActiveCfg = Debug|Any CPU
		{1387CE84-AD89-4AE2-B8C4-B6224CD580DE}.Debug|x86.Build.0 = Debug|Any CPU
		{1387CE84-AD89-4AE2-B8C4-B6224CD580DE}.Release|Any CPU.ActiveCfg = Release|Any CPU
		{1387CE84-AD89-4AE2-B8C4-B6224CD580DE}.Release|Any CPU.Build.0 = Release|Any CPU
		{1387CE84-AD89-4AE2-B8C4-B6224CD580DE}.Release|x64.ActiveCfg = Release|Any CPU
		{1387CE84-AD89-4AE2-B8C4-B6224CD580DE}.Release|x64.Build.0 = Release|Any CPU
		{1387CE84-AD89-4AE2-B8C4-B6224CD580DE}.Release|x86.ActiveCfg = Release|Any CPU
		{1387CE84-AD89-4AE2-B8C4-B6224CD580DE}.Release|x86.Build.0 = Release|Any CPU
		{6A869DBE-9A23-401A-A2F3-347722E69E8A}.Debug|Any CPU.ActiveCfg = Debug|Any CPU
		{6A869DBE-9A23-401A-A2F3-347722E69E8A}.Debug|Any CPU.Build.0 = Debug|Any CPU
		{6A869DBE-9A23-401A-A2F3-347722E69E8A}.Debug|x64.ActiveCfg = Debug|Any CPU
		{6A869DBE-9A23-401A-A2F3-347722E69E8A}.Debug|x64.Build.0 = Debug|Any CPU
		{6A869DBE-9A23-401A-A2F3-347722E69E8A}.Debug|x86.ActiveCfg = Debug|Any CPU
		{6A869DBE-9A23-401A-A2F3-347722E69E8A}.Debug|x86.Build.0 = Debug|Any CPU
		{6A869DBE-9A23-401A-A2F3-347722E69E8A}.Release|Any CPU.ActiveCfg = Release|Any CPU
		{6A869DBE-9A23-401A-A2F3-347722E69E8A}.Release|Any CPU.Build.0 = Release|Any CPU
		{6A869DBE-9A23-401A-A2F3-347722E69E8A}.Release|x64.ActiveCfg = Release|Any CPU
		{6A869DBE-9A23-401A-A2F3-347722E69E8A}.Release|x64.Build.0 = Release|Any CPU
		{6A869DBE-9A23-401A-A2F3-347722E69E8A}.Release|x86.ActiveCfg = Release|Any CPU
		{6A869DBE-9A23-401A-A2F3-347722E69E8A}.Release|x86.Build.0 = Release|Any CPU
		{D2518B7E-4B70-4AA8-B2D7-96691AF60CAD}.Debug|Any CPU.ActiveCfg = Debug|Any CPU
		{D2518B7E-4B70-4AA8-B2D7-96691AF60CAD}.Debug|Any CPU.Build.0 = Debug|Any CPU
		{D2518B7E-4B70-4AA8-B2D7-96691AF60CAD}.Debug|x64.ActiveCfg = Debug|Any CPU
		{D2518B7E-4B70-4AA8-B2D7-96691AF60CAD}.Debug|x64.Build.0 = Debug|Any CPU
		{D2518B7E-4B70-4AA8-B2D7-96691AF60CAD}.Debug|x86.ActiveCfg = Debug|Any CPU
		{D2518B7E-4B70-4AA8-B2D7-96691AF60CAD}.Debug|x86.Build.0 = Debug|Any CPU
		{D2518B7E-4B70-4AA8-B2D7-96691AF60CAD}.Release|Any CPU.ActiveCfg = Release|Any CPU
		{D2518B7E-4B70-4AA8-B2D7-96691AF60CAD}.Release|Any CPU.Build.0 = Release|Any CPU
		{D2518B7E-4B70-4AA8-B2D7-96691AF60CAD}.Release|x64.ActiveCfg = Release|Any CPU
		{D2518B7E-4B70-4AA8-B2D7-96691AF60CAD}.Release|x64.Build.0 = Release|Any CPU
		{D2518B7E-4B70-4AA8-B2D7-96691AF60CAD}.Release|x86.ActiveCfg = Release|Any CPU
		{D2518B7E-4B70-4AA8-B2D7-96691AF60CAD}.Release|x86.Build.0 = Release|Any CPU
		{98D778B2-DFFB-4557-93CB-1D186292364E}.Debug|Any CPU.ActiveCfg = Debug|Any CPU
		{98D778B2-DFFB-4557-93CB-1D186292364E}.Debug|Any CPU.Build.0 = Debug|Any CPU
		{98D778B2-DFFB-4557-93CB-1D186292364E}.Debug|x64.ActiveCfg = Debug|Any CPU
		{98D778B2-DFFB-4557-93CB-1D186292364E}.Debug|x64.Build.0 = Debug|Any CPU
		{98D778B2-DFFB-4557-93CB-1D186292364E}.Debug|x86.ActiveCfg = Debug|Any CPU
		{98D778B2-DFFB-4557-93CB-1D186292364E}.Debug|x86.Build.0 = Debug|Any CPU
		{98D778B2-DFFB-4557-93CB-1D186292364E}.Release|Any CPU.ActiveCfg = Release|Any CPU
		{98D778B2-DFFB-4557-93CB-1D186292364E}.Release|Any CPU.Build.0 = Release|Any CPU
		{98D778B2-DFFB-4557-93CB-1D186292364E}.Release|x64.ActiveCfg = Release|Any CPU
		{98D778B2-DFFB-4557-93CB-1D186292364E}.Release|x64.Build.0 = Release|Any CPU
		{98D778B2-DFFB-4557-93CB-1D186292364E}.Release|x86.ActiveCfg = Release|Any CPU
		{98D778B2-DFFB-4557-93CB-1D186292364E}.Release|x86.Build.0 = Release|Any CPU
		{C6671B1F-B7D4-40E5-99E4-38BE46BB3E9E}.Debug|Any CPU.ActiveCfg = Debug|Any CPU
		{C6671B1F-B7D4-40E5-99E4-38BE46BB3E9E}.Debug|Any CPU.Build.0 = Debug|Any CPU
		{C6671B1F-B7D4-40E5-99E4-38BE46BB3E9E}.Debug|x64.ActiveCfg = Debug|Any CPU
		{C6671B1F-B7D4-40E5-99E4-38BE46BB3E9E}.Debug|x64.Build.0 = Debug|Any CPU
		{C6671B1F-B7D4-40E5-99E4-38BE46BB3E9E}.Debug|x86.ActiveCfg = Debug|Any CPU
		{C6671B1F-B7D4-40E5-99E4-38BE46BB3E9E}.Debug|x86.Build.0 = Debug|Any CPU
		{C6671B1F-B7D4-40E5-99E4-38BE46BB3E9E}.Release|Any CPU.ActiveCfg = Release|Any CPU
		{C6671B1F-B7D4-40E5-99E4-38BE46BB3E9E}.Release|Any CPU.Build.0 = Release|Any CPU
		{C6671B1F-B7D4-40E5-99E4-38BE46BB3E9E}.Release|x64.ActiveCfg = Release|Any CPU
		{C6671B1F-B7D4-40E5-99E4-38BE46BB3E9E}.Release|x64.Build.0 = Release|Any CPU
		{C6671B1F-B7D4-40E5-99E4-38BE46BB3E9E}.Release|x86.ActiveCfg = Release|Any CPU
		{C6671B1F-B7D4-40E5-99E4-38BE46BB3E9E}.Release|x86.Build.0 = Release|Any CPU
		{DCD6963D-4600-4418-866B-E6D87E5797CA}.Debug|Any CPU.ActiveCfg = Debug|Any CPU
		{DCD6963D-4600-4418-866B-E6D87E5797CA}.Debug|Any CPU.Build.0 = Debug|Any CPU
		{DCD6963D-4600-4418-866B-E6D87E5797CA}.Debug|x64.ActiveCfg = Debug|Any CPU
		{DCD6963D-4600-4418-866B-E6D87E5797CA}.Debug|x64.Build.0 = Debug|Any CPU
		{DCD6963D-4600-4418-866B-E6D87E5797CA}.Debug|x86.ActiveCfg = Debug|Any CPU
		{DCD6963D-4600-4418-866B-E6D87E5797CA}.Debug|x86.Build.0 = Debug|Any CPU
		{DCD6963D-4600-4418-866B-E6D87E5797CA}.Release|Any CPU.ActiveCfg = Release|Any CPU
		{DCD6963D-4600-4418-866B-E6D87E5797CA}.Release|Any CPU.Build.0 = Release|Any CPU
		{DCD6963D-4600-4418-866B-E6D87E5797CA}.Release|x64.ActiveCfg = Release|Any CPU
		{DCD6963D-4600-4418-866B-E6D87E5797CA}.Release|x64.Build.0 = Release|Any CPU
		{DCD6963D-4600-4418-866B-E6D87E5797CA}.Release|x86.ActiveCfg = Release|Any CPU
		{DCD6963D-4600-4418-866B-E6D87E5797CA}.Release|x86.Build.0 = Release|Any CPU
		{0770E6AD-A953-44B4-A799-CD372B8AEDAF}.Debug|Any CPU.ActiveCfg = Debug|Any CPU
		{0770E6AD-A953-44B4-A799-CD372B8AEDAF}.Debug|Any CPU.Build.0 = Debug|Any CPU
		{0770E6AD-A953-44B4-A799-CD372B8AEDAF}.Debug|x64.ActiveCfg = Debug|Any CPU
		{0770E6AD-A953-44B4-A799-CD372B8AEDAF}.Debug|x64.Build.0 = Debug|Any CPU
		{0770E6AD-A953-44B4-A799-CD372B8AEDAF}.Debug|x86.ActiveCfg = Debug|Any CPU
		{0770E6AD-A953-44B4-A799-CD372B8AEDAF}.Debug|x86.Build.0 = Debug|Any CPU
		{0770E6AD-A953-44B4-A799-CD372B8AEDAF}.Release|Any CPU.ActiveCfg = Release|Any CPU
		{0770E6AD-A953-44B4-A799-CD372B8AEDAF}.Release|Any CPU.Build.0 = Release|Any CPU
		{0770E6AD-A953-44B4-A799-CD372B8AEDAF}.Release|x64.ActiveCfg = Release|Any CPU
		{0770E6AD-A953-44B4-A799-CD372B8AEDAF}.Release|x64.Build.0 = Release|Any CPU
		{0770E6AD-A953-44B4-A799-CD372B8AEDAF}.Release|x86.ActiveCfg = Release|Any CPU
		{0770E6AD-A953-44B4-A799-CD372B8AEDAF}.Release|x86.Build.0 = Release|Any CPU
		{3426B9AD-F1D7-48CE-B341-6F27D361FE8B}.Debug|Any CPU.ActiveCfg = Debug|Any CPU
		{3426B9AD-F1D7-48CE-B341-6F27D361FE8B}.Debug|Any CPU.Build.0 = Debug|Any CPU
		{3426B9AD-F1D7-48CE-B341-6F27D361FE8B}.Debug|x64.ActiveCfg = Debug|Any CPU
		{3426B9AD-F1D7-48CE-B341-6F27D361FE8B}.Debug|x64.Build.0 = Debug|Any CPU
		{3426B9AD-F1D7-48CE-B341-6F27D361FE8B}.Debug|x86.ActiveCfg = Debug|Any CPU
		{3426B9AD-F1D7-48CE-B341-6F27D361FE8B}.Debug|x86.Build.0 = Debug|Any CPU
		{3426B9AD-F1D7-48CE-B341-6F27D361FE8B}.Release|Any CPU.ActiveCfg = Release|Any CPU
		{3426B9AD-F1D7-48CE-B341-6F27D361FE8B}.Release|Any CPU.Build.0 = Release|Any CPU
		{3426B9AD-F1D7-48CE-B341-6F27D361FE8B}.Release|x64.ActiveCfg = Release|Any CPU
		{3426B9AD-F1D7-48CE-B341-6F27D361FE8B}.Release|x64.Build.0 = Release|Any CPU
		{3426B9AD-F1D7-48CE-B341-6F27D361FE8B}.Release|x86.ActiveCfg = Release|Any CPU
		{3426B9AD-F1D7-48CE-B341-6F27D361FE8B}.Release|x86.Build.0 = Release|Any CPU
		{79F71F32-0527-425D-A346-8B16615B4EE8}.Debug|Any CPU.ActiveCfg = Debug|Any CPU
		{79F71F32-0527-425D-A346-8B16615B4EE8}.Debug|Any CPU.Build.0 = Debug|Any CPU
		{79F71F32-0527-425D-A346-8B16615B4EE8}.Debug|x64.ActiveCfg = Debug|Any CPU
		{79F71F32-0527-425D-A346-8B16615B4EE8}.Debug|x64.Build.0 = Debug|Any CPU
		{79F71F32-0527-425D-A346-8B16615B4EE8}.Debug|x86.ActiveCfg = Debug|Any CPU
		{79F71F32-0527-425D-A346-8B16615B4EE8}.Debug|x86.Build.0 = Debug|Any CPU
		{79F71F32-0527-425D-A346-8B16615B4EE8}.Release|Any CPU.ActiveCfg = Release|Any CPU
		{79F71F32-0527-425D-A346-8B16615B4EE8}.Release|Any CPU.Build.0 = Release|Any CPU
		{79F71F32-0527-425D-A346-8B16615B4EE8}.Release|x64.ActiveCfg = Release|Any CPU
		{79F71F32-0527-425D-A346-8B16615B4EE8}.Release|x64.Build.0 = Release|Any CPU
		{79F71F32-0527-425D-A346-8B16615B4EE8}.Release|x86.ActiveCfg = Release|Any CPU
		{79F71F32-0527-425D-A346-8B16615B4EE8}.Release|x86.Build.0 = Release|Any CPU
		{AD095CDC-FC5E-4C2D-BF25-0DC04A8442E4}.Debug|Any CPU.ActiveCfg = Debug|Any CPU
		{AD095CDC-FC5E-4C2D-BF25-0DC04A8442E4}.Debug|Any CPU.Build.0 = Debug|Any CPU
		{AD095CDC-FC5E-4C2D-BF25-0DC04A8442E4}.Debug|x64.ActiveCfg = Debug|Any CPU
		{AD095CDC-FC5E-4C2D-BF25-0DC04A8442E4}.Debug|x64.Build.0 = Debug|Any CPU
		{AD095CDC-FC5E-4C2D-BF25-0DC04A8442E4}.Debug|x86.ActiveCfg = Debug|Any CPU
		{AD095CDC-FC5E-4C2D-BF25-0DC04A8442E4}.Debug|x86.Build.0 = Debug|Any CPU
		{AD095CDC-FC5E-4C2D-BF25-0DC04A8442E4}.Release|Any CPU.ActiveCfg = Release|Any CPU
		{AD095CDC-FC5E-4C2D-BF25-0DC04A8442E4}.Release|Any CPU.Build.0 = Release|Any CPU
		{AD095CDC-FC5E-4C2D-BF25-0DC04A8442E4}.Release|x64.ActiveCfg = Release|Any CPU
		{AD095CDC-FC5E-4C2D-BF25-0DC04A8442E4}.Release|x64.Build.0 = Release|Any CPU
		{AD095CDC-FC5E-4C2D-BF25-0DC04A8442E4}.Release|x86.ActiveCfg = Release|Any CPU
		{AD095CDC-FC5E-4C2D-BF25-0DC04A8442E4}.Release|x86.Build.0 = Release|Any CPU
		{2362CCD1-3644-44B0-A7BF-98B6431C3904}.Debug|Any CPU.ActiveCfg = Debug|Any CPU
		{2362CCD1-3644-44B0-A7BF-98B6431C3904}.Debug|Any CPU.Build.0 = Debug|Any CPU
		{2362CCD1-3644-44B0-A7BF-98B6431C3904}.Debug|x64.ActiveCfg = Debug|Any CPU
		{2362CCD1-3644-44B0-A7BF-98B6431C3904}.Debug|x64.Build.0 = Debug|Any CPU
		{2362CCD1-3644-44B0-A7BF-98B6431C3904}.Debug|x86.ActiveCfg = Debug|Any CPU
		{2362CCD1-3644-44B0-A7BF-98B6431C3904}.Debug|x86.Build.0 = Debug|Any CPU
		{2362CCD1-3644-44B0-A7BF-98B6431C3904}.Release|Any CPU.ActiveCfg = Release|Any CPU
		{2362CCD1-3644-44B0-A7BF-98B6431C3904}.Release|Any CPU.Build.0 = Release|Any CPU
		{2362CCD1-3644-44B0-A7BF-98B6431C3904}.Release|x64.ActiveCfg = Release|Any CPU
		{2362CCD1-3644-44B0-A7BF-98B6431C3904}.Release|x64.Build.0 = Release|Any CPU
		{2362CCD1-3644-44B0-A7BF-98B6431C3904}.Release|x86.ActiveCfg = Release|Any CPU
		{2362CCD1-3644-44B0-A7BF-98B6431C3904}.Release|x86.Build.0 = Release|Any CPU
		{DDE2C5B2-5D82-4EE8-83AE-8846B82FB992}.Debug|Any CPU.ActiveCfg = Debug|Any CPU
		{DDE2C5B2-5D82-4EE8-83AE-8846B82FB992}.Debug|Any CPU.Build.0 = Debug|Any CPU
		{DDE2C5B2-5D82-4EE8-83AE-8846B82FB992}.Debug|x64.ActiveCfg = Debug|Any CPU
		{DDE2C5B2-5D82-4EE8-83AE-8846B82FB992}.Debug|x64.Build.0 = Debug|Any CPU
		{DDE2C5B2-5D82-4EE8-83AE-8846B82FB992}.Debug|x86.ActiveCfg = Debug|Any CPU
		{DDE2C5B2-5D82-4EE8-83AE-8846B82FB992}.Debug|x86.Build.0 = Debug|Any CPU
		{DDE2C5B2-5D82-4EE8-83AE-8846B82FB992}.Release|Any CPU.ActiveCfg = Release|Any CPU
		{DDE2C5B2-5D82-4EE8-83AE-8846B82FB992}.Release|Any CPU.Build.0 = Release|Any CPU
		{DDE2C5B2-5D82-4EE8-83AE-8846B82FB992}.Release|x64.ActiveCfg = Release|Any CPU
		{DDE2C5B2-5D82-4EE8-83AE-8846B82FB992}.Release|x64.Build.0 = Release|Any CPU
		{DDE2C5B2-5D82-4EE8-83AE-8846B82FB992}.Release|x86.ActiveCfg = Release|Any CPU
		{DDE2C5B2-5D82-4EE8-83AE-8846B82FB992}.Release|x86.Build.0 = Release|Any CPU
		{EAE3837C-AB58-4F45-B307-889D93F976BC}.Debug|Any CPU.ActiveCfg = Debug|Any CPU
		{EAE3837C-AB58-4F45-B307-889D93F976BC}.Debug|Any CPU.Build.0 = Debug|Any CPU
		{EAE3837C-AB58-4F45-B307-889D93F976BC}.Debug|x64.ActiveCfg = Debug|Any CPU
		{EAE3837C-AB58-4F45-B307-889D93F976BC}.Debug|x64.Build.0 = Debug|Any CPU
		{EAE3837C-AB58-4F45-B307-889D93F976BC}.Debug|x86.ActiveCfg = Debug|Any CPU
		{EAE3837C-AB58-4F45-B307-889D93F976BC}.Debug|x86.Build.0 = Debug|Any CPU
		{EAE3837C-AB58-4F45-B307-889D93F976BC}.Release|Any CPU.ActiveCfg = Release|Any CPU
		{EAE3837C-AB58-4F45-B307-889D93F976BC}.Release|Any CPU.Build.0 = Release|Any CPU
		{EAE3837C-AB58-4F45-B307-889D93F976BC}.Release|x64.ActiveCfg = Release|Any CPU
		{EAE3837C-AB58-4F45-B307-889D93F976BC}.Release|x64.Build.0 = Release|Any CPU
		{EAE3837C-AB58-4F45-B307-889D93F976BC}.Release|x86.ActiveCfg = Release|Any CPU
		{EAE3837C-AB58-4F45-B307-889D93F976BC}.Release|x86.Build.0 = Release|Any CPU
		{701531F1-E980-42C0-AFE1-9A039F0DAC61}.Debug|Any CPU.ActiveCfg = Debug|Any CPU
		{701531F1-E980-42C0-AFE1-9A039F0DAC61}.Debug|Any CPU.Build.0 = Debug|Any CPU
		{701531F1-E980-42C0-AFE1-9A039F0DAC61}.Debug|x64.ActiveCfg = Debug|Any CPU
		{701531F1-E980-42C0-AFE1-9A039F0DAC61}.Debug|x64.Build.0 = Debug|Any CPU
		{701531F1-E980-42C0-AFE1-9A039F0DAC61}.Debug|x86.ActiveCfg = Debug|Any CPU
		{701531F1-E980-42C0-AFE1-9A039F0DAC61}.Debug|x86.Build.0 = Debug|Any CPU
		{701531F1-E980-42C0-AFE1-9A039F0DAC61}.Release|Any CPU.ActiveCfg = Release|Any CPU
		{701531F1-E980-42C0-AFE1-9A039F0DAC61}.Release|Any CPU.Build.0 = Release|Any CPU
		{701531F1-E980-42C0-AFE1-9A039F0DAC61}.Release|x64.ActiveCfg = Release|Any CPU
		{701531F1-E980-42C0-AFE1-9A039F0DAC61}.Release|x64.Build.0 = Release|Any CPU
		{701531F1-E980-42C0-AFE1-9A039F0DAC61}.Release|x86.ActiveCfg = Release|Any CPU
		{701531F1-E980-42C0-AFE1-9A039F0DAC61}.Release|x86.Build.0 = Release|Any CPU
		{B083AB7C-F9A0-4573-9104-6104F044C50E}.Debug|Any CPU.ActiveCfg = Debug|Any CPU
		{B083AB7C-F9A0-4573-9104-6104F044C50E}.Debug|Any CPU.Build.0 = Debug|Any CPU
		{B083AB7C-F9A0-4573-9104-6104F044C50E}.Debug|x64.ActiveCfg = Debug|Any CPU
		{B083AB7C-F9A0-4573-9104-6104F044C50E}.Debug|x64.Build.0 = Debug|Any CPU
		{B083AB7C-F9A0-4573-9104-6104F044C50E}.Debug|x86.ActiveCfg = Debug|Any CPU
		{B083AB7C-F9A0-4573-9104-6104F044C50E}.Debug|x86.Build.0 = Debug|Any CPU
		{B083AB7C-F9A0-4573-9104-6104F044C50E}.Release|Any CPU.ActiveCfg = Release|Any CPU
		{B083AB7C-F9A0-4573-9104-6104F044C50E}.Release|Any CPU.Build.0 = Release|Any CPU
		{B083AB7C-F9A0-4573-9104-6104F044C50E}.Release|x64.ActiveCfg = Release|Any CPU
		{B083AB7C-F9A0-4573-9104-6104F044C50E}.Release|x64.Build.0 = Release|Any CPU
		{B083AB7C-F9A0-4573-9104-6104F044C50E}.Release|x86.ActiveCfg = Release|Any CPU
		{B083AB7C-F9A0-4573-9104-6104F044C50E}.Release|x86.Build.0 = Release|Any CPU
		{E0426142-A616-4DC0-9BA2-49BB121F6AD3}.Debug|Any CPU.ActiveCfg = Debug|Any CPU
		{E0426142-A616-4DC0-9BA2-49BB121F6AD3}.Debug|Any CPU.Build.0 = Debug|Any CPU
		{E0426142-A616-4DC0-9BA2-49BB121F6AD3}.Debug|x64.ActiveCfg = Debug|Any CPU
		{E0426142-A616-4DC0-9BA2-49BB121F6AD3}.Debug|x64.Build.0 = Debug|Any CPU
		{E0426142-A616-4DC0-9BA2-49BB121F6AD3}.Debug|x86.ActiveCfg = Debug|Any CPU
		{E0426142-A616-4DC0-9BA2-49BB121F6AD3}.Debug|x86.Build.0 = Debug|Any CPU
		{E0426142-A616-4DC0-9BA2-49BB121F6AD3}.Release|Any CPU.ActiveCfg = Release|Any CPU
		{E0426142-A616-4DC0-9BA2-49BB121F6AD3}.Release|Any CPU.Build.0 = Release|Any CPU
		{E0426142-A616-4DC0-9BA2-49BB121F6AD3}.Release|x64.ActiveCfg = Release|Any CPU
		{E0426142-A616-4DC0-9BA2-49BB121F6AD3}.Release|x64.Build.0 = Release|Any CPU
		{E0426142-A616-4DC0-9BA2-49BB121F6AD3}.Release|x86.ActiveCfg = Release|Any CPU
		{E0426142-A616-4DC0-9BA2-49BB121F6AD3}.Release|x86.Build.0 = Release|Any CPU
		{B74B53CC-8843-41B5-BD98-CC20266AD13B}.Debug|Any CPU.ActiveCfg = Debug|Any CPU
		{B74B53CC-8843-41B5-BD98-CC20266AD13B}.Debug|Any CPU.Build.0 = Debug|Any CPU
		{B74B53CC-8843-41B5-BD98-CC20266AD13B}.Debug|x64.ActiveCfg = Debug|Any CPU
		{B74B53CC-8843-41B5-BD98-CC20266AD13B}.Debug|x64.Build.0 = Debug|Any CPU
		{B74B53CC-8843-41B5-BD98-CC20266AD13B}.Debug|x86.ActiveCfg = Debug|Any CPU
		{B74B53CC-8843-41B5-BD98-CC20266AD13B}.Debug|x86.Build.0 = Debug|Any CPU
		{B74B53CC-8843-41B5-BD98-CC20266AD13B}.Release|Any CPU.ActiveCfg = Release|Any CPU
		{B74B53CC-8843-41B5-BD98-CC20266AD13B}.Release|Any CPU.Build.0 = Release|Any CPU
		{B74B53CC-8843-41B5-BD98-CC20266AD13B}.Release|x64.ActiveCfg = Release|Any CPU
		{B74B53CC-8843-41B5-BD98-CC20266AD13B}.Release|x64.Build.0 = Release|Any CPU
		{B74B53CC-8843-41B5-BD98-CC20266AD13B}.Release|x86.ActiveCfg = Release|Any CPU
		{B74B53CC-8843-41B5-BD98-CC20266AD13B}.Release|x86.Build.0 = Release|Any CPU
		{A37B6FD2-F1FB-469C-9EBD-0F4495566380}.Debug|Any CPU.ActiveCfg = Debug|Any CPU
		{A37B6FD2-F1FB-469C-9EBD-0F4495566380}.Debug|Any CPU.Build.0 = Debug|Any CPU
		{A37B6FD2-F1FB-469C-9EBD-0F4495566380}.Debug|x64.ActiveCfg = Debug|Any CPU
		{A37B6FD2-F1FB-469C-9EBD-0F4495566380}.Debug|x64.Build.0 = Debug|Any CPU
		{A37B6FD2-F1FB-469C-9EBD-0F4495566380}.Debug|x86.ActiveCfg = Debug|Any CPU
		{A37B6FD2-F1FB-469C-9EBD-0F4495566380}.Debug|x86.Build.0 = Debug|Any CPU
		{A37B6FD2-F1FB-469C-9EBD-0F4495566380}.Release|Any CPU.ActiveCfg = Release|Any CPU
		{A37B6FD2-F1FB-469C-9EBD-0F4495566380}.Release|Any CPU.Build.0 = Release|Any CPU
		{A37B6FD2-F1FB-469C-9EBD-0F4495566380}.Release|x64.ActiveCfg = Release|Any CPU
		{A37B6FD2-F1FB-469C-9EBD-0F4495566380}.Release|x64.Build.0 = Release|Any CPU
		{A37B6FD2-F1FB-469C-9EBD-0F4495566380}.Release|x86.ActiveCfg = Release|Any CPU
		{A37B6FD2-F1FB-469C-9EBD-0F4495566380}.Release|x86.Build.0 = Release|Any CPU
		{EAE340A5-D147-4BC8-B7EE-697F5AEF158B}.Debug|Any CPU.ActiveCfg = Debug|Any CPU
		{EAE340A5-D147-4BC8-B7EE-697F5AEF158B}.Debug|Any CPU.Build.0 = Debug|Any CPU
		{EAE340A5-D147-4BC8-B7EE-697F5AEF158B}.Debug|x64.ActiveCfg = Debug|Any CPU
		{EAE340A5-D147-4BC8-B7EE-697F5AEF158B}.Debug|x64.Build.0 = Debug|Any CPU
		{EAE340A5-D147-4BC8-B7EE-697F5AEF158B}.Debug|x86.ActiveCfg = Debug|Any CPU
		{EAE340A5-D147-4BC8-B7EE-697F5AEF158B}.Debug|x86.Build.0 = Debug|Any CPU
		{EAE340A5-D147-4BC8-B7EE-697F5AEF158B}.Release|Any CPU.ActiveCfg = Release|Any CPU
		{EAE340A5-D147-4BC8-B7EE-697F5AEF158B}.Release|Any CPU.Build.0 = Release|Any CPU
		{EAE340A5-D147-4BC8-B7EE-697F5AEF158B}.Release|x64.ActiveCfg = Release|Any CPU
		{EAE340A5-D147-4BC8-B7EE-697F5AEF158B}.Release|x64.Build.0 = Release|Any CPU
		{EAE340A5-D147-4BC8-B7EE-697F5AEF158B}.Release|x86.ActiveCfg = Release|Any CPU
		{EAE340A5-D147-4BC8-B7EE-697F5AEF158B}.Release|x86.Build.0 = Release|Any CPU
		{88F03231-D70E-40B0-8B56-07BEFBC7AA39}.Debug|Any CPU.ActiveCfg = Debug|Any CPU
		{88F03231-D70E-40B0-8B56-07BEFBC7AA39}.Debug|Any CPU.Build.0 = Debug|Any CPU
		{88F03231-D70E-40B0-8B56-07BEFBC7AA39}.Debug|x64.ActiveCfg = Debug|Any CPU
		{88F03231-D70E-40B0-8B56-07BEFBC7AA39}.Debug|x64.Build.0 = Debug|Any CPU
		{88F03231-D70E-40B0-8B56-07BEFBC7AA39}.Debug|x86.ActiveCfg = Debug|Any CPU
		{88F03231-D70E-40B0-8B56-07BEFBC7AA39}.Debug|x86.Build.0 = Debug|Any CPU
		{88F03231-D70E-40B0-8B56-07BEFBC7AA39}.Release|Any CPU.ActiveCfg = Release|Any CPU
		{88F03231-D70E-40B0-8B56-07BEFBC7AA39}.Release|Any CPU.Build.0 = Release|Any CPU
		{88F03231-D70E-40B0-8B56-07BEFBC7AA39}.Release|x64.ActiveCfg = Release|Any CPU
		{88F03231-D70E-40B0-8B56-07BEFBC7AA39}.Release|x64.Build.0 = Release|Any CPU
		{88F03231-D70E-40B0-8B56-07BEFBC7AA39}.Release|x86.ActiveCfg = Release|Any CPU
		{88F03231-D70E-40B0-8B56-07BEFBC7AA39}.Release|x86.Build.0 = Release|Any CPU
		{4D4D32EF-CB5C-467C-AAB5-AD764D522709}.Debug|Any CPU.ActiveCfg = Debug|Any CPU
		{4D4D32EF-CB5C-467C-AAB5-AD764D522709}.Debug|Any CPU.Build.0 = Debug|Any CPU
		{4D4D32EF-CB5C-467C-AAB5-AD764D522709}.Debug|x64.ActiveCfg = Debug|Any CPU
		{4D4D32EF-CB5C-467C-AAB5-AD764D522709}.Debug|x64.Build.0 = Debug|Any CPU
		{4D4D32EF-CB5C-467C-AAB5-AD764D522709}.Debug|x86.ActiveCfg = Debug|Any CPU
		{4D4D32EF-CB5C-467C-AAB5-AD764D522709}.Debug|x86.Build.0 = Debug|Any CPU
		{4D4D32EF-CB5C-467C-AAB5-AD764D522709}.Release|Any CPU.ActiveCfg = Release|Any CPU
		{4D4D32EF-CB5C-467C-AAB5-AD764D522709}.Release|Any CPU.Build.0 = Release|Any CPU
		{4D4D32EF-CB5C-467C-AAB5-AD764D522709}.Release|x64.ActiveCfg = Release|Any CPU
		{4D4D32EF-CB5C-467C-AAB5-AD764D522709}.Release|x64.Build.0 = Release|Any CPU
		{4D4D32EF-CB5C-467C-AAB5-AD764D522709}.Release|x86.ActiveCfg = Release|Any CPU
		{4D4D32EF-CB5C-467C-AAB5-AD764D522709}.Release|x86.Build.0 = Release|Any CPU
		{FF8A5F92-94AC-4DAF-AB2D-E81E3E98A925}.Debug|Any CPU.ActiveCfg = Debug|Any CPU
		{FF8A5F92-94AC-4DAF-AB2D-E81E3E98A925}.Debug|Any CPU.Build.0 = Debug|Any CPU
		{FF8A5F92-94AC-4DAF-AB2D-E81E3E98A925}.Debug|x64.ActiveCfg = Debug|Any CPU
		{FF8A5F92-94AC-4DAF-AB2D-E81E3E98A925}.Debug|x64.Build.0 = Debug|Any CPU
		{FF8A5F92-94AC-4DAF-AB2D-E81E3E98A925}.Debug|x86.ActiveCfg = Debug|Any CPU
		{FF8A5F92-94AC-4DAF-AB2D-E81E3E98A925}.Debug|x86.Build.0 = Debug|Any CPU
		{FF8A5F92-94AC-4DAF-AB2D-E81E3E98A925}.Release|Any CPU.ActiveCfg = Release|Any CPU
		{FF8A5F92-94AC-4DAF-AB2D-E81E3E98A925}.Release|Any CPU.Build.0 = Release|Any CPU
		{FF8A5F92-94AC-4DAF-AB2D-E81E3E98A925}.Release|x64.ActiveCfg = Release|Any CPU
		{FF8A5F92-94AC-4DAF-AB2D-E81E3E98A925}.Release|x64.Build.0 = Release|Any CPU
		{FF8A5F92-94AC-4DAF-AB2D-E81E3E98A925}.Release|x86.ActiveCfg = Release|Any CPU
		{FF8A5F92-94AC-4DAF-AB2D-E81E3E98A925}.Release|x86.Build.0 = Release|Any CPU
		{F36BA75E-EC48-438A-A012-5EC8D4867A2B}.Debug|Any CPU.ActiveCfg = Debug|Any CPU
		{F36BA75E-EC48-438A-A012-5EC8D4867A2B}.Debug|Any CPU.Build.0 = Debug|Any CPU
		{F36BA75E-EC48-438A-A012-5EC8D4867A2B}.Debug|x64.ActiveCfg = Debug|Any CPU
		{F36BA75E-EC48-438A-A012-5EC8D4867A2B}.Debug|x64.Build.0 = Debug|Any CPU
		{F36BA75E-EC48-438A-A012-5EC8D4867A2B}.Debug|x86.ActiveCfg = Debug|Any CPU
		{F36BA75E-EC48-438A-A012-5EC8D4867A2B}.Debug|x86.Build.0 = Debug|Any CPU
		{F36BA75E-EC48-438A-A012-5EC8D4867A2B}.Release|Any CPU.ActiveCfg = Release|Any CPU
		{F36BA75E-EC48-438A-A012-5EC8D4867A2B}.Release|Any CPU.Build.0 = Release|Any CPU
		{F36BA75E-EC48-438A-A012-5EC8D4867A2B}.Release|x64.ActiveCfg = Release|Any CPU
		{F36BA75E-EC48-438A-A012-5EC8D4867A2B}.Release|x64.Build.0 = Release|Any CPU
		{F36BA75E-EC48-438A-A012-5EC8D4867A2B}.Release|x86.ActiveCfg = Release|Any CPU
		{F36BA75E-EC48-438A-A012-5EC8D4867A2B}.Release|x86.Build.0 = Release|Any CPU
		{9907438E-993D-44FF-82E5-36628E019D45}.Debug|Any CPU.ActiveCfg = Debug|Any CPU
		{9907438E-993D-44FF-82E5-36628E019D45}.Debug|Any CPU.Build.0 = Debug|Any CPU
		{9907438E-993D-44FF-82E5-36628E019D45}.Debug|x64.ActiveCfg = Debug|Any CPU
		{9907438E-993D-44FF-82E5-36628E019D45}.Debug|x64.Build.0 = Debug|Any CPU
		{9907438E-993D-44FF-82E5-36628E019D45}.Debug|x86.ActiveCfg = Debug|Any CPU
		{9907438E-993D-44FF-82E5-36628E019D45}.Debug|x86.Build.0 = Debug|Any CPU
		{9907438E-993D-44FF-82E5-36628E019D45}.Release|Any CPU.ActiveCfg = Release|Any CPU
		{9907438E-993D-44FF-82E5-36628E019D45}.Release|Any CPU.Build.0 = Release|Any CPU
		{9907438E-993D-44FF-82E5-36628E019D45}.Release|x64.ActiveCfg = Release|Any CPU
		{9907438E-993D-44FF-82E5-36628E019D45}.Release|x64.Build.0 = Release|Any CPU
		{9907438E-993D-44FF-82E5-36628E019D45}.Release|x86.ActiveCfg = Release|Any CPU
		{9907438E-993D-44FF-82E5-36628E019D45}.Release|x86.Build.0 = Release|Any CPU
		{1ADFB033-5FA2-46BE-904F-723004A32490}.Debug|Any CPU.ActiveCfg = Debug|Any CPU
		{1ADFB033-5FA2-46BE-904F-723004A32490}.Debug|Any CPU.Build.0 = Debug|Any CPU
		{1ADFB033-5FA2-46BE-904F-723004A32490}.Debug|x64.ActiveCfg = Debug|Any CPU
		{1ADFB033-5FA2-46BE-904F-723004A32490}.Debug|x64.Build.0 = Debug|Any CPU
		{1ADFB033-5FA2-46BE-904F-723004A32490}.Debug|x86.ActiveCfg = Debug|Any CPU
		{1ADFB033-5FA2-46BE-904F-723004A32490}.Debug|x86.Build.0 = Debug|Any CPU
		{1ADFB033-5FA2-46BE-904F-723004A32490}.Release|Any CPU.ActiveCfg = Release|Any CPU
		{1ADFB033-5FA2-46BE-904F-723004A32490}.Release|Any CPU.Build.0 = Release|Any CPU
		{1ADFB033-5FA2-46BE-904F-723004A32490}.Release|x64.ActiveCfg = Release|Any CPU
		{1ADFB033-5FA2-46BE-904F-723004A32490}.Release|x64.Build.0 = Release|Any CPU
		{1ADFB033-5FA2-46BE-904F-723004A32490}.Release|x86.ActiveCfg = Release|Any CPU
		{1ADFB033-5FA2-46BE-904F-723004A32490}.Release|x86.Build.0 = Release|Any CPU
		{9F2B126A-D8B4-46C2-BA79-1F6DA6C6E2B4}.Debug|Any CPU.ActiveCfg = Debug|Any CPU
		{9F2B126A-D8B4-46C2-BA79-1F6DA6C6E2B4}.Debug|Any CPU.Build.0 = Debug|Any CPU
		{9F2B126A-D8B4-46C2-BA79-1F6DA6C6E2B4}.Debug|x64.ActiveCfg = Debug|Any CPU
		{9F2B126A-D8B4-46C2-BA79-1F6DA6C6E2B4}.Debug|x64.Build.0 = Debug|Any CPU
		{9F2B126A-D8B4-46C2-BA79-1F6DA6C6E2B4}.Debug|x86.ActiveCfg = Debug|Any CPU
		{9F2B126A-D8B4-46C2-BA79-1F6DA6C6E2B4}.Debug|x86.Build.0 = Debug|Any CPU
		{9F2B126A-D8B4-46C2-BA79-1F6DA6C6E2B4}.Release|Any CPU.ActiveCfg = Release|Any CPU
		{9F2B126A-D8B4-46C2-BA79-1F6DA6C6E2B4}.Release|Any CPU.Build.0 = Release|Any CPU
		{9F2B126A-D8B4-46C2-BA79-1F6DA6C6E2B4}.Release|x64.ActiveCfg = Release|Any CPU
		{9F2B126A-D8B4-46C2-BA79-1F6DA6C6E2B4}.Release|x64.Build.0 = Release|Any CPU
		{9F2B126A-D8B4-46C2-BA79-1F6DA6C6E2B4}.Release|x86.ActiveCfg = Release|Any CPU
		{9F2B126A-D8B4-46C2-BA79-1F6DA6C6E2B4}.Release|x86.Build.0 = Release|Any CPU
		{08099F15-F87C-458A-8EAC-510D912ACB97}.Debug|Any CPU.ActiveCfg = Debug|Any CPU
		{08099F15-F87C-458A-8EAC-510D912ACB97}.Debug|Any CPU.Build.0 = Debug|Any CPU
		{08099F15-F87C-458A-8EAC-510D912ACB97}.Debug|x64.ActiveCfg = Debug|Any CPU
		{08099F15-F87C-458A-8EAC-510D912ACB97}.Debug|x64.Build.0 = Debug|Any CPU
		{08099F15-F87C-458A-8EAC-510D912ACB97}.Debug|x86.ActiveCfg = Debug|Any CPU
		{08099F15-F87C-458A-8EAC-510D912ACB97}.Debug|x86.Build.0 = Debug|Any CPU
		{08099F15-F87C-458A-8EAC-510D912ACB97}.Release|Any CPU.ActiveCfg = Release|Any CPU
		{08099F15-F87C-458A-8EAC-510D912ACB97}.Release|Any CPU.Build.0 = Release|Any CPU
		{08099F15-F87C-458A-8EAC-510D912ACB97}.Release|x64.ActiveCfg = Release|Any CPU
		{08099F15-F87C-458A-8EAC-510D912ACB97}.Release|x64.Build.0 = Release|Any CPU
		{08099F15-F87C-458A-8EAC-510D912ACB97}.Release|x86.ActiveCfg = Release|Any CPU
		{08099F15-F87C-458A-8EAC-510D912ACB97}.Release|x86.Build.0 = Release|Any CPU
		{9ABC474D-7EFC-4B39-BE02-3085949BD82D}.Debug|Any CPU.ActiveCfg = Debug|Any CPU
		{9ABC474D-7EFC-4B39-BE02-3085949BD82D}.Debug|Any CPU.Build.0 = Debug|Any CPU
		{9ABC474D-7EFC-4B39-BE02-3085949BD82D}.Debug|x64.ActiveCfg = Debug|Any CPU
		{9ABC474D-7EFC-4B39-BE02-3085949BD82D}.Debug|x64.Build.0 = Debug|Any CPU
		{9ABC474D-7EFC-4B39-BE02-3085949BD82D}.Debug|x86.ActiveCfg = Debug|Any CPU
		{9ABC474D-7EFC-4B39-BE02-3085949BD82D}.Debug|x86.Build.0 = Debug|Any CPU
		{9ABC474D-7EFC-4B39-BE02-3085949BD82D}.Release|Any CPU.ActiveCfg = Release|Any CPU
		{9ABC474D-7EFC-4B39-BE02-3085949BD82D}.Release|Any CPU.Build.0 = Release|Any CPU
		{9ABC474D-7EFC-4B39-BE02-3085949BD82D}.Release|x64.ActiveCfg = Release|Any CPU
		{9ABC474D-7EFC-4B39-BE02-3085949BD82D}.Release|x64.Build.0 = Release|Any CPU
		{9ABC474D-7EFC-4B39-BE02-3085949BD82D}.Release|x86.ActiveCfg = Release|Any CPU
		{9ABC474D-7EFC-4B39-BE02-3085949BD82D}.Release|x86.Build.0 = Release|Any CPU
		{9A5EE3AE-7EAC-4400-93F5-19B4E916F325}.Debug|Any CPU.ActiveCfg = Debug|Any CPU
		{9A5EE3AE-7EAC-4400-93F5-19B4E916F325}.Debug|Any CPU.Build.0 = Debug|Any CPU
		{9A5EE3AE-7EAC-4400-93F5-19B4E916F325}.Debug|x64.ActiveCfg = Debug|Any CPU
		{9A5EE3AE-7EAC-4400-93F5-19B4E916F325}.Debug|x64.Build.0 = Debug|Any CPU
		{9A5EE3AE-7EAC-4400-93F5-19B4E916F325}.Debug|x86.ActiveCfg = Debug|Any CPU
		{9A5EE3AE-7EAC-4400-93F5-19B4E916F325}.Debug|x86.Build.0 = Debug|Any CPU
		{9A5EE3AE-7EAC-4400-93F5-19B4E916F325}.Release|Any CPU.ActiveCfg = Release|Any CPU
		{9A5EE3AE-7EAC-4400-93F5-19B4E916F325}.Release|Any CPU.Build.0 = Release|Any CPU
		{9A5EE3AE-7EAC-4400-93F5-19B4E916F325}.Release|x64.ActiveCfg = Release|Any CPU
		{9A5EE3AE-7EAC-4400-93F5-19B4E916F325}.Release|x64.Build.0 = Release|Any CPU
		{9A5EE3AE-7EAC-4400-93F5-19B4E916F325}.Release|x86.ActiveCfg = Release|Any CPU
		{9A5EE3AE-7EAC-4400-93F5-19B4E916F325}.Release|x86.Build.0 = Release|Any CPU
		{08498344-80E8-45BA-BAB7-8082C947E27B}.Debug|Any CPU.ActiveCfg = Debug|Any CPU
		{08498344-80E8-45BA-BAB7-8082C947E27B}.Debug|Any CPU.Build.0 = Debug|Any CPU
		{08498344-80E8-45BA-BAB7-8082C947E27B}.Debug|x64.ActiveCfg = Debug|Any CPU
		{08498344-80E8-45BA-BAB7-8082C947E27B}.Debug|x64.Build.0 = Debug|Any CPU
		{08498344-80E8-45BA-BAB7-8082C947E27B}.Debug|x86.ActiveCfg = Debug|Any CPU
		{08498344-80E8-45BA-BAB7-8082C947E27B}.Debug|x86.Build.0 = Debug|Any CPU
		{08498344-80E8-45BA-BAB7-8082C947E27B}.Release|Any CPU.ActiveCfg = Release|Any CPU
		{08498344-80E8-45BA-BAB7-8082C947E27B}.Release|Any CPU.Build.0 = Release|Any CPU
		{08498344-80E8-45BA-BAB7-8082C947E27B}.Release|x64.ActiveCfg = Release|Any CPU
		{08498344-80E8-45BA-BAB7-8082C947E27B}.Release|x64.Build.0 = Release|Any CPU
		{08498344-80E8-45BA-BAB7-8082C947E27B}.Release|x86.ActiveCfg = Release|Any CPU
		{08498344-80E8-45BA-BAB7-8082C947E27B}.Release|x86.Build.0 = Release|Any CPU
		{48B734E0-63DE-4624-8163-74B9AEEA942B}.Debug|Any CPU.ActiveCfg = Debug|Any CPU
		{48B734E0-63DE-4624-8163-74B9AEEA942B}.Debug|Any CPU.Build.0 = Debug|Any CPU
		{48B734E0-63DE-4624-8163-74B9AEEA942B}.Debug|x64.ActiveCfg = Debug|Any CPU
		{48B734E0-63DE-4624-8163-74B9AEEA942B}.Debug|x64.Build.0 = Debug|Any CPU
		{48B734E0-63DE-4624-8163-74B9AEEA942B}.Debug|x86.ActiveCfg = Debug|Any CPU
		{48B734E0-63DE-4624-8163-74B9AEEA942B}.Debug|x86.Build.0 = Debug|Any CPU
		{48B734E0-63DE-4624-8163-74B9AEEA942B}.Release|Any CPU.ActiveCfg = Release|Any CPU
		{48B734E0-63DE-4624-8163-74B9AEEA942B}.Release|Any CPU.Build.0 = Release|Any CPU
		{48B734E0-63DE-4624-8163-74B9AEEA942B}.Release|x64.ActiveCfg = Release|Any CPU
		{48B734E0-63DE-4624-8163-74B9AEEA942B}.Release|x64.Build.0 = Release|Any CPU
		{48B734E0-63DE-4624-8163-74B9AEEA942B}.Release|x86.ActiveCfg = Release|Any CPU
		{48B734E0-63DE-4624-8163-74B9AEEA942B}.Release|x86.Build.0 = Release|Any CPU
		{40372A14-9E7F-4FDC-9551-2288BD843C96}.Debug|Any CPU.ActiveCfg = Debug|Any CPU
		{40372A14-9E7F-4FDC-9551-2288BD843C96}.Debug|Any CPU.Build.0 = Debug|Any CPU
		{40372A14-9E7F-4FDC-9551-2288BD843C96}.Debug|x64.ActiveCfg = Debug|Any CPU
		{40372A14-9E7F-4FDC-9551-2288BD843C96}.Debug|x64.Build.0 = Debug|Any CPU
		{40372A14-9E7F-4FDC-9551-2288BD843C96}.Debug|x86.ActiveCfg = Debug|Any CPU
		{40372A14-9E7F-4FDC-9551-2288BD843C96}.Debug|x86.Build.0 = Debug|Any CPU
		{40372A14-9E7F-4FDC-9551-2288BD843C96}.Release|Any CPU.ActiveCfg = Release|Any CPU
		{40372A14-9E7F-4FDC-9551-2288BD843C96}.Release|Any CPU.Build.0 = Release|Any CPU
		{40372A14-9E7F-4FDC-9551-2288BD843C96}.Release|x64.ActiveCfg = Release|Any CPU
		{40372A14-9E7F-4FDC-9551-2288BD843C96}.Release|x64.Build.0 = Release|Any CPU
		{40372A14-9E7F-4FDC-9551-2288BD843C96}.Release|x86.ActiveCfg = Release|Any CPU
		{40372A14-9E7F-4FDC-9551-2288BD843C96}.Release|x86.Build.0 = Release|Any CPU
		{742B37B1-FBC6-4C7B-8300-FB73BA84591F}.Debug|Any CPU.ActiveCfg = Debug|Any CPU
		{742B37B1-FBC6-4C7B-8300-FB73BA84591F}.Debug|Any CPU.Build.0 = Debug|Any CPU
		{742B37B1-FBC6-4C7B-8300-FB73BA84591F}.Debug|x64.ActiveCfg = Debug|Any CPU
		{742B37B1-FBC6-4C7B-8300-FB73BA84591F}.Debug|x64.Build.0 = Debug|Any CPU
		{742B37B1-FBC6-4C7B-8300-FB73BA84591F}.Debug|x86.ActiveCfg = Debug|Any CPU
		{742B37B1-FBC6-4C7B-8300-FB73BA84591F}.Debug|x86.Build.0 = Debug|Any CPU
		{742B37B1-FBC6-4C7B-8300-FB73BA84591F}.Release|Any CPU.ActiveCfg = Release|Any CPU
		{742B37B1-FBC6-4C7B-8300-FB73BA84591F}.Release|Any CPU.Build.0 = Release|Any CPU
		{742B37B1-FBC6-4C7B-8300-FB73BA84591F}.Release|x64.ActiveCfg = Release|Any CPU
		{742B37B1-FBC6-4C7B-8300-FB73BA84591F}.Release|x64.Build.0 = Release|Any CPU
		{742B37B1-FBC6-4C7B-8300-FB73BA84591F}.Release|x86.ActiveCfg = Release|Any CPU
		{742B37B1-FBC6-4C7B-8300-FB73BA84591F}.Release|x86.Build.0 = Release|Any CPU
		{0080D89E-DAE3-47C1-B16C-3999727B5309}.Debug|Any CPU.ActiveCfg = Debug|Any CPU
		{0080D89E-DAE3-47C1-B16C-3999727B5309}.Debug|Any CPU.Build.0 = Debug|Any CPU
		{0080D89E-DAE3-47C1-B16C-3999727B5309}.Debug|x64.ActiveCfg = Debug|Any CPU
		{0080D89E-DAE3-47C1-B16C-3999727B5309}.Debug|x64.Build.0 = Debug|Any CPU
		{0080D89E-DAE3-47C1-B16C-3999727B5309}.Debug|x86.ActiveCfg = Debug|Any CPU
		{0080D89E-DAE3-47C1-B16C-3999727B5309}.Debug|x86.Build.0 = Debug|Any CPU
		{0080D89E-DAE3-47C1-B16C-3999727B5309}.Release|Any CPU.ActiveCfg = Release|Any CPU
		{0080D89E-DAE3-47C1-B16C-3999727B5309}.Release|Any CPU.Build.0 = Release|Any CPU
		{0080D89E-DAE3-47C1-B16C-3999727B5309}.Release|x64.ActiveCfg = Release|Any CPU
		{0080D89E-DAE3-47C1-B16C-3999727B5309}.Release|x64.Build.0 = Release|Any CPU
		{0080D89E-DAE3-47C1-B16C-3999727B5309}.Release|x86.ActiveCfg = Release|Any CPU
		{0080D89E-DAE3-47C1-B16C-3999727B5309}.Release|x86.Build.0 = Release|Any CPU
		{91924757-B3E4-4717-A746-741B3E9F67A9}.Debug|Any CPU.ActiveCfg = Debug|Any CPU
		{91924757-B3E4-4717-A746-741B3E9F67A9}.Debug|Any CPU.Build.0 = Debug|Any CPU
		{91924757-B3E4-4717-A746-741B3E9F67A9}.Debug|x64.ActiveCfg = Debug|Any CPU
		{91924757-B3E4-4717-A746-741B3E9F67A9}.Debug|x64.Build.0 = Debug|Any CPU
		{91924757-B3E4-4717-A746-741B3E9F67A9}.Debug|x86.ActiveCfg = Debug|Any CPU
		{91924757-B3E4-4717-A746-741B3E9F67A9}.Debug|x86.Build.0 = Debug|Any CPU
		{91924757-B3E4-4717-A746-741B3E9F67A9}.Release|Any CPU.ActiveCfg = Release|Any CPU
		{91924757-B3E4-4717-A746-741B3E9F67A9}.Release|Any CPU.Build.0 = Release|Any CPU
		{91924757-B3E4-4717-A746-741B3E9F67A9}.Release|x64.ActiveCfg = Release|Any CPU
		{91924757-B3E4-4717-A746-741B3E9F67A9}.Release|x64.Build.0 = Release|Any CPU
		{91924757-B3E4-4717-A746-741B3E9F67A9}.Release|x86.ActiveCfg = Release|Any CPU
		{91924757-B3E4-4717-A746-741B3E9F67A9}.Release|x86.Build.0 = Release|Any CPU
		{C8728332-250D-4778-AD36-F12B22E49215}.Debug|Any CPU.ActiveCfg = Debug|Any CPU
		{C8728332-250D-4778-AD36-F12B22E49215}.Debug|Any CPU.Build.0 = Debug|Any CPU
		{C8728332-250D-4778-AD36-F12B22E49215}.Debug|x64.ActiveCfg = Debug|Any CPU
		{C8728332-250D-4778-AD36-F12B22E49215}.Debug|x64.Build.0 = Debug|Any CPU
		{C8728332-250D-4778-AD36-F12B22E49215}.Debug|x86.ActiveCfg = Debug|Any CPU
		{C8728332-250D-4778-AD36-F12B22E49215}.Debug|x86.Build.0 = Debug|Any CPU
		{C8728332-250D-4778-AD36-F12B22E49215}.Release|Any CPU.ActiveCfg = Release|Any CPU
		{C8728332-250D-4778-AD36-F12B22E49215}.Release|Any CPU.Build.0 = Release|Any CPU
		{C8728332-250D-4778-AD36-F12B22E49215}.Release|x64.ActiveCfg = Release|Any CPU
		{C8728332-250D-4778-AD36-F12B22E49215}.Release|x64.Build.0 = Release|Any CPU
		{C8728332-250D-4778-AD36-F12B22E49215}.Release|x86.ActiveCfg = Release|Any CPU
		{C8728332-250D-4778-AD36-F12B22E49215}.Release|x86.Build.0 = Release|Any CPU
	EndGlobalSection
	GlobalSection(SolutionProperties) = preSolution
		HideSolutionNode = FALSE
	EndGlobalSection
	GlobalSection(NestedProjects) = preSolution
		{D60FD0F1-2BC6-0516-39CA-49E2D2BD99BD} = {ACDB6C76-E445-1D22-A45D-36E5391AD0C9}
		{A8B6E1D5-F979-88AC-F342-01BEB2C9B9EA} = {D60FD0F1-2BC6-0516-39CA-49E2D2BD99BD}
		{87420CBF-97FF-4D22-A593-C70CCA97D787} = {A8B6E1D5-F979-88AC-F342-01BEB2C9B9EA}
		{3AC40378-490D-4CD5-9DAC-073C2C3DE161} = {A8B6E1D5-F979-88AC-F342-01BEB2C9B9EA}
		{309B535F-1028-4AE3-98FF-37F5D80AD4E8} = {A8B6E1D5-F979-88AC-F342-01BEB2C9B9EA}
		{83460750-2ACF-4297-BA04-79D62A898BDB} = {A8B6E1D5-F979-88AC-F342-01BEB2C9B9EA}
		{FD3E5CD2-6713-44E4-8176-65E71F1EE3D7} = {A8B6E1D5-F979-88AC-F342-01BEB2C9B9EA}
		{58E31DB6-765E-4041-B451-7871D8A0B2DC} = {A8B6E1D5-F979-88AC-F342-01BEB2C9B9EA}
		{611DE4AE-5CDD-4A3A-A869-074253232B06} = {A8B6E1D5-F979-88AC-F342-01BEB2C9B9EA}
		{E6195DCD-F5A7-4A0F-A588-1E753C2D5000} = {A8B6E1D5-F979-88AC-F342-01BEB2C9B9EA}
		{1387CE84-AD89-4AE2-B8C4-B6224CD580DE} = {A8B6E1D5-F979-88AC-F342-01BEB2C9B9EA}
		{6A869DBE-9A23-401A-A2F3-347722E69E8A} = {A8B6E1D5-F979-88AC-F342-01BEB2C9B9EA}
		{D2518B7E-4B70-4AA8-B2D7-96691AF60CAD} = {A8B6E1D5-F979-88AC-F342-01BEB2C9B9EA}
		{98D778B2-DFFB-4557-93CB-1D186292364E} = {A8B6E1D5-F979-88AC-F342-01BEB2C9B9EA}
		{C6671B1F-B7D4-40E5-99E4-38BE46BB3E9E} = {A8B6E1D5-F979-88AC-F342-01BEB2C9B9EA}
		{DCD6963D-4600-4418-866B-E6D87E5797CA} = {A8B6E1D5-F979-88AC-F342-01BEB2C9B9EA}
		{0770E6AD-A953-44B4-A799-CD372B8AEDAF} = {A8B6E1D5-F979-88AC-F342-01BEB2C9B9EA}
		{3426B9AD-F1D7-48CE-B341-6F27D361FE8B} = {A8B6E1D5-F979-88AC-F342-01BEB2C9B9EA}
		{79F71F32-0527-425D-A346-8B16615B4EE8} = {A8B6E1D5-F979-88AC-F342-01BEB2C9B9EA}
		{AD095CDC-FC5E-4C2D-BF25-0DC04A8442E4} = {A8B6E1D5-F979-88AC-F342-01BEB2C9B9EA}
		{2362CCD1-3644-44B0-A7BF-98B6431C3904} = {A8B6E1D5-F979-88AC-F342-01BEB2C9B9EA}
		{DDE2C5B2-5D82-4EE8-83AE-8846B82FB992} = {A8B6E1D5-F979-88AC-F342-01BEB2C9B9EA}
		{EAE3837C-AB58-4F45-B307-889D93F976BC} = {A8B6E1D5-F979-88AC-F342-01BEB2C9B9EA}
		{701531F1-E980-42C0-AFE1-9A039F0DAC61} = {A8B6E1D5-F979-88AC-F342-01BEB2C9B9EA}
		{B083AB7C-F9A0-4573-9104-6104F044C50E} = {A8B6E1D5-F979-88AC-F342-01BEB2C9B9EA}
		{E0426142-A616-4DC0-9BA2-49BB121F6AD3} = {A8B6E1D5-F979-88AC-F342-01BEB2C9B9EA}
		{B74B53CC-8843-41B5-BD98-CC20266AD13B} = {A8B6E1D5-F979-88AC-F342-01BEB2C9B9EA}
		{A37B6FD2-F1FB-469C-9EBD-0F4495566380} = {A8B6E1D5-F979-88AC-F342-01BEB2C9B9EA}
		{EAE340A5-D147-4BC8-B7EE-697F5AEF158B} = {A8B6E1D5-F979-88AC-F342-01BEB2C9B9EA}
		{88F03231-D70E-40B0-8B56-07BEFBC7AA39} = {A8B6E1D5-F979-88AC-F342-01BEB2C9B9EA}
		{4D4D32EF-CB5C-467C-AAB5-AD764D522709} = {A8B6E1D5-F979-88AC-F342-01BEB2C9B9EA}
		{FF8A5F92-94AC-4DAF-AB2D-E81E3E98A925} = {A8B6E1D5-F979-88AC-F342-01BEB2C9B9EA}
		{F36BA75E-EC48-438A-A012-5EC8D4867A2B} = {A8B6E1D5-F979-88AC-F342-01BEB2C9B9EA}
		{9907438E-993D-44FF-82E5-36628E019D45} = {A8B6E1D5-F979-88AC-F342-01BEB2C9B9EA}
		{1ADFB033-5FA2-46BE-904F-723004A32490} = {A8B6E1D5-F979-88AC-F342-01BEB2C9B9EA}
		{9F2B126A-D8B4-46C2-BA79-1F6DA6C6E2B4} = {A8B6E1D5-F979-88AC-F342-01BEB2C9B9EA}
		{08099F15-F87C-458A-8EAC-510D912ACB97} = {A8B6E1D5-F979-88AC-F342-01BEB2C9B9EA}
		{9ABC474D-7EFC-4B39-BE02-3085949BD82D} = {A8B6E1D5-F979-88AC-F342-01BEB2C9B9EA}
		{9A5EE3AE-7EAC-4400-93F5-19B4E916F325} = {A8B6E1D5-F979-88AC-F342-01BEB2C9B9EA}
		{08498344-80E8-45BA-BAB7-8082C947E27B} = {A8B6E1D5-F979-88AC-F342-01BEB2C9B9EA}
		{48B734E0-63DE-4624-8163-74B9AEEA942B} = {A8B6E1D5-F979-88AC-F342-01BEB2C9B9EA}
		{40372A14-9E7F-4FDC-9551-2288BD843C96} = {A8B6E1D5-F979-88AC-F342-01BEB2C9B9EA}
		{742B37B1-FBC6-4C7B-8300-FB73BA84591F} = {A8B6E1D5-F979-88AC-F342-01BEB2C9B9EA}
		{0080D89E-DAE3-47C1-B16C-3999727B5309} = {A8B6E1D5-F979-88AC-F342-01BEB2C9B9EA}
		{91924757-B3E4-4717-A746-741B3E9F67A9} = {A8B6E1D5-F979-88AC-F342-01BEB2C9B9EA}
		{C8728332-250D-4778-AD36-F12B22E49215} = {A8B6E1D5-F979-88AC-F342-01BEB2C9B9EA}
	EndGlobalSection
EndGlobal
